PODS:
  - GracefulFeedback (0.1.5):
    - UIColor_Hex_Swift
  - UIColor_Hex_Swift (4.2.0)

DEPENDENCIES:
  - GracefulFeedback (from `../`)
  - UIColor_Hex_Swift (~> 4.2.0)

SPEC REPOS:
  https://github.com/cocoapods/specs.git:
    - UIColor_Hex_Swift

EXTERNAL SOURCES:
  GracefulFeedback:
    :path: "../"

SPEC CHECKSUMS:
  GracefulFeedback: dcd868165f1e386cc7830dd62e586cc77a374589
  UIColor_Hex_Swift: bc07fc197421ee896b9ed6dcfa2054b7fbf75145

PODFILE CHECKSUM: f560d78fbbb054bd4f7fd3604402784c3a394efe

COCOAPODS: 1.5.3
